<?xml version="1.0" encoding="utf-8"?>
<Project ToolsVersion="4.0" xmlns="http://schemas.microsoft.com/developer/msbuild/2003">
  <ItemGroup>
    <Filter Include="源文件">
      <UniqueIdentifier>{4FC737F1-C7A5-4376-A066-2A32D752A2FF}</UniqueIdentifier>
      <Extensions>cpp;c;cc;cxx;def;odl;idl;hpj;bat;asm;asmx</Extensions>
    </Filter>
    <Filter Include="头文件">
      <UniqueIdentifier>{93995380-89BD-4b04-88EB-625FBE52EBFB}</UniqueIdentifier>
      <Extensions>h;hh;hpp;hxx;hm;inl;inc;ipp;xsd</Extensions>
    </Filter>
    <Filter Include="资源文件">
      <UniqueIdentifier>{67DA6AB6-F800-4c08-8B7A-83BB121AAD01}</UniqueIdentifier>
      <Extensions>rc;ico;cur;bmp;dlg;rc2;rct;bin;rgs;gif;jpg;jpeg;jpe;resx;tiff;tif;png;wav;mfcribbon-ms</Extensions>
    </Filter>
    <Filter Include="资源文件\1引用">
      <UniqueIdentifier>{5df5dfe0-d983-41ab-a27f-c7b799b94984}</UniqueIdentifier>
    </Filter>
    <Filter Include="资源文件\2函数提高">
      <UniqueIdentifier>{cb0d5cf6-3f98-4d67-b66b-47a6422bf49f}</UniqueIdentifier>
    </Filter>
    <Filter Include="资源文件\3类和对象">
      <UniqueIdentifier>{14d8f266-feda-475e-8861-a143eee4c966}</UniqueIdentifier>
    </Filter>
    <Filter Include="资源文件\4文件">
      <UniqueIdentifier>{644dc19e-14b8-4727-9f96-95818c27f460}</UniqueIdentifier>
    </Filter>
    <Filter Include="资源文件\3类和对象\3.1封装">
      <UniqueIdentifier>{8b580f04-f81e-4ada-9668-91ac5beb396f}</UniqueIdentifier>
    </Filter>
    <Filter Include="资源文件\3类和对象\3.2对象的初始化和清理">
      <UniqueIdentifier>{4581125a-c9b4-403f-88b0-e5ec21dae0c5}</UniqueIdentifier>
    </Filter>
    <Filter Include="资源文件\3类和对象\3.3C++对象模型和this指针">
      <UniqueIdentifier>{2ca85506-907c-4803-a06e-cb538028a469}</UniqueIdentifier>
    </Filter>
    <Filter Include="资源文件\3类和对象\3.4友元">
      <UniqueIdentifier>{413aed7a-8ee9-4b0f-9a3c-23c8c0adaa6f}</UniqueIdentifier>
    </Filter>
    <Filter Include="资源文件\3类和对象\3.5运算符重载">
      <UniqueIdentifier>{b711aa54-1829-4ff7-8ebb-fd49ca65ec60}</UniqueIdentifier>
    </Filter>
    <Filter Include="资源文件\3类和对象\3.6继承">
      <UniqueIdentifier>{423aa50d-6521-4975-8390-ef9070d436bb}</UniqueIdentifier>
    </Filter>
    <Filter Include="资源文件\3类和对象\3.7多态">
      <UniqueIdentifier>{a9c082a9-35c1-49f9-afef-168b723d0e96}</UniqueIdentifier>
    </Filter>
  </ItemGroup>
  <ItemGroup>
    <ClInclude Include="main.h">
      <Filter>头文件</Filter>
    </ClInclude>
  </ItemGroup>
  <ItemGroup>
    <ClCompile Include="main.cpp">
      <Filter>源文件</Filter>
    </ClCompile>
    <ClCompile Include="1.1引用的基本使用.cpp">
      <Filter>资源文件\1引用</Filter>
    </ClCompile>
    <ClCompile Include="1.2引用做函数参数.cpp">
      <Filter>资源文件\1引用</Filter>
    </ClCompile>
    <ClCompile Include="1.3常量引用.cpp">
      <Filter>资源文件\1引用</Filter>
    </ClCompile>
    <ClCompile Include="2.1函数默认参数.cpp">
      <Filter>资源文件\2函数提高</Filter>
    </ClCompile>
    <ClCompile Include="2.2函数重载.cpp">
      <Filter>资源文件\2函数提高</Filter>
    </ClCompile>
    <ClCompile Include="3.2.1构造函数和析构函数.cpp">
      <Filter>资源文件\3类和对象\3.2对象的初始化和清理</Filter>
    </ClCompile>
    <ClCompile Include="3.2.2拷贝构造函数调用时机.cpp">
      <Filter>资源文件\3类和对象\3.2对象的初始化和清理</Filter>
    </ClCompile>
    <ClCompile Include="3.2.3深拷贝与浅拷贝.cpp">
      <Filter>资源文件\3类和对象\3.2对象的初始化和清理</Filter>
    </ClCompile>
    <ClCompile Include="3.2.4初始化列表.cpp">
      <Filter>资源文件\3类和对象\3.2对象的初始化和清理</Filter>
    </ClCompile>
    <ClCompile Include="3.2.5类对象作为类成员.cpp">
      <Filter>资源文件\3类和对象\3.2对象的初始化和清理</Filter>
    </ClCompile>
    <ClCompile Include="3.2.6静态成员.cpp">
      <Filter>资源文件\3类和对象\3.2对象的初始化和清理</Filter>
    </ClCompile>
    <ClCompile Include="3.1.1封装.cpp">
      <Filter>资源文件\3类和对象\3.1封装</Filter>
    </ClCompile>
    <ClCompile Include="3.3.1C++对象模型和this指针.cpp">
      <Filter>资源文件\3类和对象\3.3C++对象模型和this指针</Filter>
    </ClCompile>
    <ClCompile Include="3.4.1友元.cpp">
      <Filter>资源文件\3类和对象\3.4友元</Filter>
    </ClCompile>
    <ClCompile Include="3.1.2小项目.cpp">
      <Filter>资源文件\3类和对象\3.1封装</Filter>
    </ClCompile>
    <ClCompile Include="3.5.1加号运算符重载.cpp">
      <Filter>资源文件\3类和对象\3.5运算符重载</Filter>
    </ClCompile>
    <ClCompile Include="3.5.2左移运算符重载.cpp">
      <Filter>资源文件\3类和对象\3.5运算符重载</Filter>
    </ClCompile>
    <ClCompile Include="3.5.3递增运算符重载.cpp">
      <Filter>资源文件\3类和对象\3.5运算符重载</Filter>
    </ClCompile>
    <ClCompile Include="3.5.4赋值运算符重载.cpp">
      <Filter>资源文件\3类和对象\3.5运算符重载</Filter>
    </ClCompile>
    <ClCompile Include="3.5.5关系运算符重载.cpp">
      <Filter>资源文件\3类和对象\3.5运算符重载</Filter>
    </ClCompile>
    <ClCompile Include="3.5.6函数调用运算符重载.cpp">
      <Filter>资源文件\3类和对象\3.5运算符重载</Filter>
    </ClCompile>
    <ClCompile Include="3.6.1继承的基本语法.cpp">
      <Filter>资源文件\3类和对象\3.6继承</Filter>
    </ClCompile>
    <ClCompile Include="3.6.2继承方式.cpp">
      <Filter>资源文件\3类和对象\3.6继承</Filter>
    </ClCompile>
    <ClCompile Include="3.6.3继承中的对象模型.cpp">
      <Filter>资源文件\3类和对象\3.6继承</Filter>
    </ClCompile>
    <ClCompile Include="3.6.4继承中构造和析构顺序.cpp">
      <Filter>资源文件\3类和对象\3.6继承</Filter>
    </ClCompile>
    <ClCompile Include="3.6.5继承同名成员处理方式.cpp">
      <Filter>资源文件\3类和对象\3.6继承</Filter>
    </ClCompile>
    <ClCompile Include="3.6.6继承同名静态成员处理方式.cpp">
      <Filter>资源文件\3类和对象\3.6继承</Filter>
    </ClCompile>
    <ClCompile Include="3.6.7多继承语法.cpp">
      <Filter>资源文件\3类和对象\3.6继承</Filter>
    </ClCompile>
    <ClCompile Include="3.6.8菱形继承.cpp">
      <Filter>资源文件\3类和对象\3.6继承</Filter>
    </ClCompile>
    <ClCompile Include="3.7.1多态的基本概念.cpp">
      <Filter>资源文件\3类和对象\3.7多态</Filter>
    </ClCompile>
    <ClCompile Include="3.7.2多态-小项目.cpp">
      <Filter>资源文件\3类和对象\3.7多态</Filter>
    </ClCompile>
    <ClCompile Include="3.7.3纯虚函数和抽象类.cpp">
      <Filter>资源文件\3类和对象\3.7多态</Filter>
    </ClCompile>
    <ClCompile Include="3.7.4多态案例二-制作饮品.cpp">
      <Filter>资源文件\3类和对象\3.7多态</Filter>
    </ClCompile>
    <ClCompile Include="3.7.5虚析构和纯虚析构.cpp">
      <Filter>资源文件\3类和对象\3.7多态</Filter>
    </ClCompile>
    <ClCompile Include="3.7.6小项目-电脑组装.cpp">
      <Filter>资源文件\3类和对象\3.7多态</Filter>
    </ClCompile>
    <ClCompile Include="4.1文本文件.cpp">
      <Filter>资源文件\4文件</Filter>
    </ClCompile>
    <ClCompile Include="4.2二进制文件.cpp">
      <Filter>资源文件\4文件</Filter>
    </ClCompile>
  </ItemGroup>
</Project>